
Microsoft Visual Studio Solution File, Format Version 12.00
# Visual Studio 2013
VisualStudioVersion = 12.0.31101.0
MinimumVisualStudioVersion = 10.0.40219.1
Project("{FAE04EC0-301F-11D3-BF4B-00C04F79EFBC}") = "Composite", "Composite\Composite.csproj", "{740B076F-B162-4C67-A7CF-6AB8B34CFE69}"
EndProject
Project("{FAE04EC0-301F-11D3-BF4B-00C04F79EFBC}") = "Flyweight", "Flyweight\Flyweight.csproj", "{2DBBBA9B-D15C-4429-9226-44CE73E3D6C8}"
EndProject
Project("{FAE04EC0-301F-11D3-BF4B-00C04F79EFBC}") = "Bridge", "Bridge\Bridge.csproj", "{FA7B1E42-A28D-4171-AFAA-9E52CF5C35BE}"
EndProject
Global
	GlobalSection(SolutionConfigurationPlatforms) = preSolution
		Debug|Any CPU = Debug|Any CPU
		Release|Any CPU = Release|Any CPU
	EndGlobalSection
	GlobalSection(ProjectConfigurationPlatforms) = postSolution
		{740B076F-B162-4C67-A7CF-6AB8B34CFE69}.Debug|Any CPU.ActiveCfg = Debug|Any CPU
		{740B076F-B162-4C67-A7CF-6AB8B34CFE69}.Debug|Any CPU.Build.0 = Debug|Any CPU
		{740B076F-B162-4C67-A7CF-6AB8B34CFE69}.Release|Any CPU.ActiveCfg = Release|Any CPU
		{740B076F-B162-4C67-A7CF-6AB8B34CFE69}.Release|Any CPU.Build.0 = Release|Any CPU
		{2DBBBA9B-D15C-4429-9226-44CE73E3D6C8}.Debug|Any CPU.ActiveCfg = Debug|Any CPU
		{2DBBBA9B-D15C-4429-9226-44CE73E3D6C8}.Debug|Any CPU.Build.0 = Debug|Any CPU
		{2DBBBA9B-D15C-4429-9226-44CE73E3D6C8}.Release|Any CPU.ActiveCfg = Release|Any CPU
		{2DBBBA9B-D15C-4429-9226-44CE73E3D6C8}.Release|Any CPU.Build.0 = Release|Any CPU
		{FA7B1E42-A28D-4171-AFAA-9E52CF5C35BE}.Debug|Any CPU.ActiveCfg = Debug|Any CPU
		{FA7B1E42-A28D-4171-AFAA-9E52CF5C35BE}.Debug|Any CPU.Build.0 = Debug|Any CPU
		{FA7B1E42-A28D-4171-AFAA-9E52CF5C35BE}.Release|Any CPU.ActiveCfg = Release|Any CPU
		{FA7B1E42-A28D-4171-AFAA-9E52CF5C35BE}.Release|Any CPU.Build.0 = Release|Any CPU
	EndGlobalSection
	GlobalSection(SolutionProperties) = preSolution
		HideSolutionNode = FALSE
	EndGlobalSection
EndGlobal
