
Microsoft Visual Studio Solution File, Format Version 12.00
# Visual Studio 2013
VisualStudioVersion = 12.0.31101.0
MinimumVisualStudioVersion = 10.0.40219.1
Project("{FAE04EC0-301F-11D3-BF4B-00C04F79EFBC}") = "01. Chef", "01. Chef\01. Chef.csproj", "{A3C41EF6-1945-40E6-8912-57245E05A5A9}"
EndProject
Project("{FAE04EC0-301F-11D3-BF4B-00C04F79EFBC}") = "03. RefactoringLoop", "02. RefactoringIfStatement\03. RefactoringLoop.csproj", "{3BB921BC-67C6-4895-AF7A-1CCD3D0C58D8}"
EndProject
Project("{FAE04EC0-301F-11D3-BF4B-00C04F79EFBC}") = "04. CSharp1Exam", "04. CSharp1Exam\04. CSharp1Exam.csproj", "{D5DE223B-4517-4C28-9CBC-19DA549B55CD}"
EndProject
Global
	GlobalSection(SolutionConfigurationPlatforms) = preSolution
		Debug|Any CPU = Debug|Any CPU
		Release|Any CPU = Release|Any CPU
	EndGlobalSection
	GlobalSection(ProjectConfigurationPlatforms) = postSolution
		{A3C41EF6-1945-40E6-8912-57245E05A5A9}.Debug|Any CPU.ActiveCfg = Debug|Any CPU
		{A3C41EF6-1945-40E6-8912-57245E05A5A9}.Debug|Any CPU.Build.0 = Debug|Any CPU
		{A3C41EF6-1945-40E6-8912-57245E05A5A9}.Release|Any CPU.ActiveCfg = Release|Any CPU
		{A3C41EF6-1945-40E6-8912-57245E05A5A9}.Release|Any CPU.Build.0 = Release|Any CPU
		{3BB921BC-67C6-4895-AF7A-1CCD3D0C58D8}.Debug|Any CPU.ActiveCfg = Debug|Any CPU
		{3BB921BC-67C6-4895-AF7A-1CCD3D0C58D8}.Debug|Any CPU.Build.0 = Debug|Any CPU
		{3BB921BC-67C6-4895-AF7A-1CCD3D0C58D8}.Release|Any CPU.ActiveCfg = Release|Any CPU
		{3BB921BC-67C6-4895-AF7A-1CCD3D0C58D8}.Release|Any CPU.Build.0 = Release|Any CPU
		{D5DE223B-4517-4C28-9CBC-19DA549B55CD}.Debug|Any CPU.ActiveCfg = Debug|Any CPU
		{D5DE223B-4517-4C28-9CBC-19DA549B55CD}.Debug|Any CPU.Build.0 = Debug|Any CPU
		{D5DE223B-4517-4C28-9CBC-19DA549B55CD}.Release|Any CPU.ActiveCfg = Release|Any CPU
		{D5DE223B-4517-4C28-9CBC-19DA549B55CD}.Release|Any CPU.Build.0 = Release|Any CPU
	EndGlobalSection
	GlobalSection(SolutionProperties) = preSolution
		HideSolutionNode = FALSE
	EndGlobalSection
EndGlobal
